// !$*UTF8*$!
{
	archiveVersion = 1;
	classes = {
	};
	objectVersion = 46;
	objects = {

/* Begin PBXBuildFile section */
		4C27D6F8198DB5B9002923FF /* PopupViewController.m in Sources */ = {isa = PBXBuildFile; fileRef = 4C27D6F6198DB5B9002923FF /* PopupViewController.m */; };
		4C27D6F9198DB5B9002923FF /* PopupViewController.xib in Resources */ = {isa = PBXBuildFile; fileRef = 4C27D6F7198DB5B9002923FF /* PopupViewController.xib */; };
		4C27D6FC198DBA1C002923FF /* PopupWindow.m in Sources */ = {isa = PBXBuildFile; fileRef = 4C27D6FB198DBA1C002923FF /* PopupWindow.m */; };
		4C27D6FF198DBBBA002923FF /* MidiController.m in Sources */ = {isa = PBXBuildFile; fileRef = 4C27D6FE198DBBBA002923FF /* MidiController.m */; };
		4C27D764198DBFFC002923FF /* VVMIDI.framework in Frameworks */ = {isa = PBXBuildFile; fileRef = 4C27D741198DBFC1002923FF /* VVMIDI.framework */; };
		4C27D767198DC53C002923FF /* RightClickButton.m in Sources */ = {isa = PBXBuildFile; fileRef = 4C27D766198DC53B002923FF /* RightClickButton.m */; };
		4C8A4F95198D8D4700FC02BF /* Cocoa.framework in Frameworks */ = {isa = PBXBuildFile; fileRef = 4C8A4F94198D8D4700FC02BF /* Cocoa.framework */; };
		4C8A4F9F198D8D4700FC02BF /* InfoPlist.strings in Resources */ = {isa = PBXBuildFile; fileRef = 4C8A4F9D198D8D4700FC02BF /* InfoPlist.strings */; };
		4C8A4FA1198D8D4700FC02BF /* main.m in Sources */ = {isa = PBXBuildFile; fileRef = 4C8A4FA0198D8D4700FC02BF /* main.m */; };
		4C8A4FA5198D8D4800FC02BF /* Credits.rtf in Resources */ = {isa = PBXBuildFile; fileRef = 4C8A4FA3198D8D4800FC02BF /* Credits.rtf */; };
		4C8A4FA8198D8D4800FC02BF /* AppDelegate.m in Sources */ = {isa = PBXBuildFile; fileRef = 4C8A4FA7198D8D4800FC02BF /* AppDelegate.m */; };
		4C8A4FAB198D8D4800FC02BF /* MainMenu.xib in Resources */ = {isa = PBXBuildFile; fileRef = 4C8A4FA9198D8D4800FC02BF /* MainMenu.xib */; };
		4C8A4FAD198D8D4800FC02BF /* Images.xcassets in Resources */ = {isa = PBXBuildFile; fileRef = 4C8A4FAC198D8D4800FC02BF /* Images.xcassets */; };
		4C8A4FB4198D8D4800FC02BF /* XCTest.framework in Frameworks */ = {isa = PBXBuildFile; fileRef = 4C8A4FB3198D8D4800FC02BF /* XCTest.framework */; };
		4C8A4FB5198D8D4800FC02BF /* Cocoa.framework in Frameworks */ = {isa = PBXBuildFile; fileRef = 4C8A4F94198D8D4700FC02BF /* Cocoa.framework */; };
		4C8A4FBD198D8D4800FC02BF /* InfoPlist.strings in Resources */ = {isa = PBXBuildFile; fileRef = 4C8A4FBB198D8D4800FC02BF /* InfoPlist.strings */; };
		4C8A4FBF198D8D4800FC02BF /* SliderbarTests.m in Sources */ = {isa = PBXBuildFile; fileRef = 4C8A4FBE198D8D4800FC02BF /* SliderbarTests.m */; };
		4C8A4FEC198DCAD000FC02BF /* VVMIDI.framework in CopyFiles */ = {isa = PBXBuildFile; fileRef = 4C27D741198DBFC1002923FF /* VVMIDI.framework */; };
		4C8A4FED198DCC5000FC02BF /* VVBasics.framework in CopyFiles */ = {isa = PBXBuildFile; fileRef = 4C27D735198DBFC1002923FF /* VVBasics.framework */; };
/* End PBXBuildFile section */

/* Begin PBXContainerItemProxy section */
		4C27D734198DBFC1002923FF /* PBXContainerItemProxy */ = {
			isa = PBXContainerItemProxy;
			containerPortal = 4C27D718198DBFC0002923FF /* VVOpenSource.xcodeproj */;
			proxyType = 2;
			remoteGlobalIDString = 961EA8ED100E8565007E6C25;
			remoteInfo = VVBasics;
		};
		4C27D736198DBFC1002923FF /* PBXContainerItemProxy */ = {
			isa = PBXContainerItemProxy;
			containerPortal = 4C27D718198DBFC0002923FF /* VVOpenSource.xcodeproj */;
			proxyType = 2;
			remoteGlobalIDString = 96C8073A19817C1600FA7825;
			remoteInfo = VVBufferPool;
		};
		4C27D738198DBFC1002923FF /* PBXContainerItemProxy */ = {
			isa = PBXContainerItemProxy;
			containerPortal = 4C27D718198DBFC0002923FF /* VVOpenSource.xcodeproj */;
			proxyType = 2;
			remoteGlobalIDString = 96C8071219817BFE00FA7825;
			remoteInfo = DDMathParser;
		};
		4C27D73A198DBFC1002923FF /* PBXContainerItemProxy */ = {
			isa = PBXContainerItemProxy;
			containerPortal = 4C27D718198DBFC0002923FF /* VVOpenSource.xcodeproj */;
			proxyType = 2;
			remoteGlobalIDString = 96C8072619817C0A00FA7825;
			remoteInfo = JSONKit;
		};
		4C27D73C198DBFC1002923FF /* PBXContainerItemProxy */ = {
			isa = PBXContainerItemProxy;
			containerPortal = 4C27D718198DBFC0002923FF /* VVOpenSource.xcodeproj */;
			proxyType = 2;
			remoteGlobalIDString = 964FF27D1981B5AF00CCC808;
			remoteInfo = VVISFKit;
		};
		4C27D73E198DBFC1002923FF /* PBXContainerItemProxy */ = {
			isa = PBXContainerItemProxy;
			containerPortal = 4C27D718198DBFC0002923FF /* VVOpenSource.xcodeproj */;
			proxyType = 2;
			remoteGlobalIDString = 96B06C1C18BE0ECF000A921C;
			remoteInfo = VVUIToolbox;
		};
		4C27D740198DBFC1002923FF /* PBXContainerItemProxy */ = {
			isa = PBXContainerItemProxy;
			containerPortal = 4C27D718198DBFC0002923FF /* VVOpenSource.xcodeproj */;
			proxyType = 2;
			remoteGlobalIDString = 961745F4100F86B400FB60E6;
			remoteInfo = VVMIDI;
		};
		4C27D742198DBFC1002923FF /* PBXContainerItemProxy */ = {
			isa = PBXContainerItemProxy;
			containerPortal = 4C27D718198DBFC0002923FF /* VVOpenSource.xcodeproj */;
			proxyType = 2;
			remoteGlobalIDString = 9628D0C5100E89F700C3944E;
			remoteInfo = VVOSC;
		};
		4C27D744198DBFC1002923FF /* PBXContainerItemProxy */ = {
			isa = PBXContainerItemProxy;
			containerPortal = 4C27D718198DBFC0002923FF /* VVOpenSource.xcodeproj */;
			proxyType = 2;
			remoteGlobalIDString = 968FAA86108B6141000E470D;
			remoteInfo = CrashReporterTestApp;
		};
		4C27D746198DBFC1002923FF /* PBXContainerItemProxy */ = {
			isa = PBXContainerItemProxy;
			containerPortal = 4C27D718198DBFC0002923FF /* VVOpenSource.xcodeproj */;
			proxyType = 2;
			remoteGlobalIDString = 9656D900100F89BA0064EEA6;
			remoteInfo = MIDITestApp;
		};
		4C27D748198DBFC1002923FF /* PBXContainerItemProxy */ = {
			isa = PBXContainerItemProxy;
			containerPortal = 4C27D718198DBFC0002923FF /* VVOpenSource.xcodeproj */;
			proxyType = 2;
			remoteGlobalIDString = 9628D179100E8B4D00C3944E;
			remoteInfo = OSCTestApp;
		};
		4C27D74A198DBFC1002923FF /* PBXContainerItemProxy */ = {
			isa = PBXContainerItemProxy;
			containerPortal = 4C27D718198DBFC0002923FF /* VVOpenSource.xcodeproj */;
			proxyType = 2;
			remoteGlobalIDString = 96B49302106AEB4C008FB26E;
			remoteInfo = MIDIviaOSC;
		};
		4C27D74C198DBFC1002923FF /* PBXContainerItemProxy */ = {
			isa = PBXContainerItemProxy;
			containerPortal = 4C27D718198DBFC0002923FF /* VVOpenSource.xcodeproj */;
			proxyType = 2;
			remoteGlobalIDString = 966CCBD81431EFB9006D580F;
			remoteInfo = OSCQueryTest;
		};
		4C27D74E198DBFC1002923FF /* PBXContainerItemProxy */ = {
			isa = PBXContainerItemProxy;
			containerPortal = 4C27D718198DBFC0002923FF /* VVOpenSource.xcodeproj */;
			proxyType = 2;
			remoteGlobalIDString = 96ACD7211706416300138AE6;
			remoteInfo = OSCPingTester;
		};
		4C27D750198DBFC1002923FF /* PBXContainerItemProxy */ = {
			isa = PBXContainerItemProxy;
			containerPortal = 4C27D718198DBFC0002923FF /* VVOpenSource.xcodeproj */;
			proxyType = 2;
			remoteGlobalIDString = 96C18C2D185A1A740082DE35;
			remoteInfo = VVBasicsStatic;
		};
		4C27D752198DBFC1002923FF /* PBXContainerItemProxy */ = {
			isa = PBXContainerItemProxy;
			containerPortal = 4C27D718198DBFC0002923FF /* VVOpenSource.xcodeproj */;
			proxyType = 2;
			remoteGlobalIDString = 96C18C3E185A1A7D0082DE35;
			remoteInfo = VVOSCStatic;
		};
		4C27D754198DBFC1002923FF /* PBXContainerItemProxy */ = {
			isa = PBXContainerItemProxy;
			containerPortal = 4C27D718198DBFC0002923FF /* VVOpenSource.xcodeproj */;
			proxyType = 2;
			remoteGlobalIDString = 1A6F726619033A9D00A6FBAD;
			remoteInfo = VVUIToolboxStatic;
		};
		4C27D756198DBFC1002923FF /* PBXContainerItemProxy */ = {
			isa = PBXContainerItemProxy;
			containerPortal = 4C27D718198DBFC0002923FF /* VVOpenSource.xcodeproj */;
			proxyType = 2;
			remoteGlobalIDString = 965C1CAC1983BE7D00111741;
			remoteInfo = "GLScene Test App";
		};
		4C27D758198DBFC1002923FF /* PBXContainerItemProxy */ = {
			isa = PBXContainerItemProxy;
			containerPortal = 4C27D718198DBFC0002923FF /* VVOpenSource.xcodeproj */;
			proxyType = 2;
			remoteGlobalIDString = 965C1CC71983BE9A00111741;
			remoteInfo = "QCGLScene Test App";
		};
		4C27D75A198DBFC1002923FF /* PBXContainerItemProxy */ = {
			isa = PBXContainerItemProxy;
			containerPortal = 4C27D718198DBFC0002923FF /* VVOpenSource.xcodeproj */;
			proxyType = 2;
			remoteGlobalIDString = 965C1CE21983BEA200111741;
			remoteInfo = "CIGLScene Test App";
		};
		4C27D75C198DBFC1002923FF /* PBXContainerItemProxy */ = {
			isa = PBXContainerItemProxy;
			containerPortal = 4C27D718198DBFC0002923FF /* VVOpenSource.xcodeproj */;
			proxyType = 2;
			remoteGlobalIDString = 965C1CFD198403C300111741;
			remoteInfo = "ISFGLScene Test App";
		};
		4C27D75E198DBFC1002923FF /* PBXContainerItemProxy */ = {
			isa = PBXContainerItemProxy;
			containerPortal = 4C27D718198DBFC0002923FF /* VVOpenSource.xcodeproj */;
			proxyType = 2;
			remoteGlobalIDString = 96140109198AD46D00335292;
			remoteInfo = "QT and Hap Test App";
		};
		4C27D762198DBFF6002923FF /* PBXContainerItemProxy */ = {
			isa = PBXContainerItemProxy;
			containerPortal = 4C27D718198DBFC0002923FF /* VVOpenSource.xcodeproj */;
			proxyType = 1;
			remoteGlobalIDString = 9658764818CE5C2D003126BC;
			remoteInfo = "Build Mac Frameworks";
		};
		4C8A4FB6198D8D4800FC02BF /* PBXContainerItemProxy */ = {
			isa = PBXContainerItemProxy;
			containerPortal = 4C8A4F89198D8D4700FC02BF /* Project object */;
			proxyType = 1;
			remoteGlobalIDString = 4C8A4F90198D8D4700FC02BF;
			remoteInfo = Sliderbar;
		};
/* End PBXContainerItemProxy section */

/* Begin PBXCopyFilesBuildPhase section */
		4C8A4FD3198DCAB400FC02BF /* CopyFiles */ = {
			isa = PBXCopyFilesBuildPhase;
			buildActionMask = 2147483647;
			dstPath = "";
			dstSubfolderSpec = 10;
			files = (
				4C8A4FED198DCC5000FC02BF /* VVBasics.framework in CopyFiles */,
				4C8A4FEC198DCAD000FC02BF /* VVMIDI.framework in CopyFiles */,
			);
			runOnlyForDeploymentPostprocessing = 0;
		};
/* End PBXCopyFilesBuildPhase section */

/* Begin PBXFileReference section */
		4C27D6F5198DB5B9002923FF /* PopupViewController.h */ = {isa = PBXFileReference; fileEncoding = 4; lastKnownFileType = sourcecode.c.h; path = PopupViewController.h; sourceTree = "<group>"; };
		4C27D6F6198DB5B9002923FF /* PopupViewController.m */ = {isa = PBXFileReference; fileEncoding = 4; lastKnownFileType = sourcecode.c.objc; path = PopupViewController.m; sourceTree = "<group>"; };
		4C27D6F7198DB5B9002923FF /* PopupViewController.xib */ = {isa = PBXFileReference; fileEncoding = 4; lastKnownFileType = file.xib; path = PopupViewController.xib; sourceTree = "<group>"; };
		4C27D6FA198DBA1C002923FF /* PopupWindow.h */ = {isa = PBXFileReference; fileEncoding = 4; lastKnownFileType = sourcecode.c.h; path = PopupWindow.h; sourceTree = "<group>"; };
		4C27D6FB198DBA1C002923FF /* PopupWindow.m */ = {isa = PBXFileReference; fileEncoding = 4; lastKnownFileType = sourcecode.c.objc; path = PopupWindow.m; sourceTree = "<group>"; };
		4C27D6FD198DBBBA002923FF /* MidiController.h */ = {isa = PBXFileReference; fileEncoding = 4; lastKnownFileType = sourcecode.c.h; path = MidiController.h; sourceTree = "<group>"; };
		4C27D6FE198DBBBA002923FF /* MidiController.m */ = {isa = PBXFileReference; fileEncoding = 4; lastKnownFileType = sourcecode.c.objc; path = MidiController.m; sourceTree = "<group>"; };
		4C27D718198DBFC0002923FF /* VVOpenSource.xcodeproj */ = {isa = PBXFileReference; lastKnownFileType = "wrapper.pb-project"; name = VVOpenSource.xcodeproj; path = "../../vvopensource-master/VVOpenSource.xcodeproj"; sourceTree = "<group>"; };
		4C27D765198DC53B002923FF /* RightClickButton.h */ = {isa = PBXFileReference; fileEncoding = 4; lastKnownFileType = sourcecode.c.h; path = RightClickButton.h; sourceTree = "<group>"; };
		4C27D766198DC53B002923FF /* RightClickButton.m */ = {isa = PBXFileReference; fileEncoding = 4; lastKnownFileType = sourcecode.c.objc; path = RightClickButton.m; sourceTree = "<group>"; };
		4C8A4F91198D8D4700FC02BF /* Sliderbar.app */ = {isa = PBXFileReference; explicitFileType = wrapper.application; includeInIndex = 0; path = Sliderbar.app; sourceTree = BUILT_PRODUCTS_DIR; };
		4C8A4F94198D8D4700FC02BF /* Cocoa.framework */ = {isa = PBXFileReference; lastKnownFileType = wrapper.framework; name = Cocoa.framework; path = System/Library/Frameworks/Cocoa.framework; sourceTree = SDKROOT; };
		4C8A4F97198D8D4700FC02BF /* AppKit.framework */ = {isa = PBXFileReference; lastKnownFileType = wrapper.framework; name = AppKit.framework; path = System/Library/Frameworks/AppKit.framework; sourceTree = SDKROOT; };
		4C8A4F98198D8D4700FC02BF /* CoreData.framework */ = {isa = PBXFileReference; lastKnownFileType = wrapper.framework; name = CoreData.framework; path = System/Library/Frameworks/CoreData.framework; sourceTree = SDKROOT; };
		4C8A4F99198D8D4700FC02BF /* Foundation.framework */ = {isa = PBXFileReference; lastKnownFileType = wrapper.framework; name = Foundation.framework; path = System/Library/Frameworks/Foundation.framework; sourceTree = SDKROOT; };
		4C8A4F9C198D8D4700FC02BF /* Sliderbar-Info.plist */ = {isa = PBXFileReference; lastKnownFileType = text.plist.xml; path = "Sliderbar-Info.plist"; sourceTree = "<group>"; };
		4C8A4F9E198D8D4700FC02BF /* en */ = {isa = PBXFileReference; lastKnownFileType = text.plist.strings; name = en; path = en.lproj/InfoPlist.strings; sourceTree = "<group>"; };
		4C8A4FA0198D8D4700FC02BF /* main.m */ = {isa = PBXFileReference; lastKnownFileType = sourcecode.c.objc; path = main.m; sourceTree = "<group>"; };
		4C8A4FA2198D8D4700FC02BF /* Sliderbar-Prefix.pch */ = {isa = PBXFileReference; lastKnownFileType = sourcecode.c.h; path = "Sliderbar-Prefix.pch"; sourceTree = "<group>"; };
		4C8A4FA4198D8D4800FC02BF /* en */ = {isa = PBXFileReference; lastKnownFileType = text.rtf; name = en; path = en.lproj/Credits.rtf; sourceTree = "<group>"; };
		4C8A4FA6198D8D4800FC02BF /* AppDelegate.h */ = {isa = PBXFileReference; lastKnownFileType = sourcecode.c.h; path = AppDelegate.h; sourceTree = "<group>"; };
		4C8A4FA7198D8D4800FC02BF /* AppDelegate.m */ = {isa = PBXFileReference; lastKnownFileType = sourcecode.c.objc; path = AppDelegate.m; sourceTree = "<group>"; };
		4C8A4FAA198D8D4800FC02BF /* Base */ = {isa = PBXFileReference; lastKnownFileType = file.xib; name = Base; path = Base.lproj/MainMenu.xib; sourceTree = "<group>"; };
		4C8A4FAC198D8D4800FC02BF /* Images.xcassets */ = {isa = PBXFileReference; lastKnownFileType = folder.assetcatalog; path = Images.xcassets; sourceTree = "<group>"; };
		4C8A4FB2198D8D4800FC02BF /* SliderbarTests.xctest */ = {isa = PBXFileReference; explicitFileType = wrapper.cfbundle; includeInIndex = 0; path = SliderbarTests.xctest; sourceTree = BUILT_PRODUCTS_DIR; };
		4C8A4FB3198D8D4800FC02BF /* XCTest.framework */ = {isa = PBXFileReference; lastKnownFileType = wrapper.framework; name = XCTest.framework; path = Library/Frameworks/XCTest.framework; sourceTree = DEVELOPER_DIR; };
		4C8A4FBA198D8D4800FC02BF /* SliderbarTests-Info.plist */ = {isa = PBXFileReference; lastKnownFileType = text.plist.xml; path = "SliderbarTests-Info.plist"; sourceTree = "<group>"; };
		4C8A4FBC198D8D4800FC02BF /* en */ = {isa = PBXFileReference; lastKnownFileType = text.plist.strings; name = en; path = en.lproj/InfoPlist.strings; sourceTree = "<group>"; };
		4C8A4FBE198D8D4800FC02BF /* SliderbarTests.m */ = {isa = PBXFileReference; lastKnownFileType = sourcecode.c.objc; path = SliderbarTests.m; sourceTree = "<group>"; };
/* End PBXFileReference section */

/* Begin PBXFrameworksBuildPhase section */
		4C8A4F8E198D8D4700FC02BF /* Frameworks */ = {
			isa = PBXFrameworksBuildPhase;
			buildActionMask = 2147483647;
			files = (
				4C8A4F95198D8D4700FC02BF /* Cocoa.framework in Frameworks */,
				4C27D764198DBFFC002923FF /* VVMIDI.framework in Frameworks */,
			);
			runOnlyForDeploymentPostprocessing = 0;
		};
		4C8A4FAF198D8D4800FC02BF /* Frameworks */ = {
			isa = PBXFrameworksBuildPhase;
			buildActionMask = 2147483647;
			files = (
				4C8A4FB5198D8D4800FC02BF /* Cocoa.framework in Frameworks */,
				4C8A4FB4198D8D4800FC02BF /* XCTest.framework in Frameworks */,
			);
			runOnlyForDeploymentPostprocessing = 0;
		};
/* End PBXFrameworksBuildPhase section */

/* Begin PBXGroup section */
		4C27D719198DBFC0002923FF /* Products */ = {
			isa = PBXGroup;
			children = (
				4C27D735198DBFC1002923FF /* VVBasics.framework */,
				4C27D737198DBFC1002923FF /* VVBufferPool.framework */,
				4C27D739198DBFC1002923FF /* DDMathParser.framework */,
				4C27D73B198DBFC1002923FF /* JSONKit.framework */,
				4C27D73D198DBFC1002923FF /* VVISFKit.framework */,
				4C27D73F198DBFC1002923FF /* VVUIToolbox.framework */,
				4C27D741198DBFC1002923FF /* VVMIDI.framework */,
				4C27D743198DBFC1002923FF /* VVOSC.framework */,
				4C27D745198DBFC1002923FF /* CrashReporterTestApp.app */,
				4C27D747198DBFC1002923FF /* MIDITestApp.app */,
				4C27D749198DBFC1002923FF /* OSCTestApp.app */,
				4C27D74B198DBFC1002923FF /* MIDIviaOSC.app */,
				4C27D74D198DBFC1002923FF /* OSCQueryTest.app */,
				4C27D74F198DBFC1002923FF /* OSCPingTester.app */,
				4C27D751198DBFC1002923FF /* libVVBasics.a */,
				4C27D753198DBFC1002923FF /* libVVOSC.a */,
				4C27D755198DBFC1002923FF /* libVVUIToolbox.a */,
				4C27D757198DBFC1002923FF /* GLScene Test App.app */,
				4C27D759198DBFC1002923FF /* QCGLScene Test App.app */,
				4C27D75B198DBFC1002923FF /* CIGLScene Test App.app */,
				4C27D75D198DBFC1002923FF /* ISFGLScene Test App.app */,
				4C27D75F198DBFC1002923FF /* QT and Hap Test App.app */,
			);
			name = Products;
			sourceTree = "<group>";
		};
		4C8A4F88198D8D4700FC02BF = {
			isa = PBXGroup;
			children = (
				4C8A4F9A198D8D4700FC02BF /* Sliderbar */,
				4C8A4FB8198D8D4800FC02BF /* SliderbarTests */,
				4C8A4F93198D8D4700FC02BF /* Frameworks */,
				4C8A4F92198D8D4700FC02BF /* Products */,
			);
			sourceTree = "<group>";
		};
		4C8A4F92198D8D4700FC02BF /* Products */ = {
			isa = PBXGroup;
			children = (
				4C8A4F91198D8D4700FC02BF /* Sliderbar.app */,
				4C8A4FB2198D8D4800FC02BF /* SliderbarTests.xctest */,
			);
			name = Products;
			sourceTree = "<group>";
		};
		4C8A4F93198D8D4700FC02BF /* Frameworks */ = {
			isa = PBXGroup;
			children = (
				4C8A4F94198D8D4700FC02BF /* Cocoa.framework */,
				4C8A4FB3198D8D4800FC02BF /* XCTest.framework */,
				4C8A4F96198D8D4700FC02BF /* Other Frameworks */,
			);
			name = Frameworks;
			sourceTree = "<group>";
		};
		4C8A4F96198D8D4700FC02BF /* Other Frameworks */ = {
			isa = PBXGroup;
			children = (
				4C8A4F97198D8D4700FC02BF /* AppKit.framework */,
				4C8A4F98198D8D4700FC02BF /* CoreData.framework */,
				4C8A4F99198D8D4700FC02BF /* Foundation.framework */,
			);
			name = "Other Frameworks";
			sourceTree = "<group>";
		};
		4C8A4F9A198D8D4700FC02BF /* Sliderbar */ = {
			isa = PBXGroup;
			children = (
				4C27D718198DBFC0002923FF /* VVOpenSource.xcodeproj */,
				4C8A4FA6198D8D4800FC02BF /* AppDelegate.h */,
				4C8A4FA7198D8D4800FC02BF /* AppDelegate.m */,
				4C27D6F5198DB5B9002923FF /* PopupViewController.h */,
				4C27D6F6198DB5B9002923FF /* PopupViewController.m */,
				4C27D6F7198DB5B9002923FF /* PopupViewController.xib */,
				4C8A4FA9198D8D4800FC02BF /* MainMenu.xib */,
				4C8A4FAC198D8D4800FC02BF /* Images.xcassets */,
				4C8A4F9B198D8D4700FC02BF /* Supporting Files */,
				4C27D6FA198DBA1C002923FF /* PopupWindow.h */,
				4C27D6FB198DBA1C002923FF /* PopupWindow.m */,
				4C27D6FD198DBBBA002923FF /* MidiController.h */,
				4C27D6FE198DBBBA002923FF /* MidiController.m */,
				4C27D765198DC53B002923FF /* RightClickButton.h */,
				4C27D766198DC53B002923FF /* RightClickButton.m */,
			);
			path = Sliderbar;
			sourceTree = "<group>";
		};
		4C8A4F9B198D8D4700FC02BF /* Supporting Files */ = {
			isa = PBXGroup;
			children = (
				4C8A4F9C198D8D4700FC02BF /* Sliderbar-Info.plist */,
				4C8A4F9D198D8D4700FC02BF /* InfoPlist.strings */,
				4C8A4FA0198D8D4700FC02BF /* main.m */,
				4C8A4FA2198D8D4700FC02BF /* Sliderbar-Prefix.pch */,
				4C8A4FA3198D8D4800FC02BF /* Credits.rtf */,
			);
			name = "Supporting Files";
			sourceTree = "<group>";
		};
		4C8A4FB8198D8D4800FC02BF /* SliderbarTests */ = {
			isa = PBXGroup;
			children = (
				4C8A4FBE198D8D4800FC02BF /* SliderbarTests.m */,
				4C8A4FB9198D8D4800FC02BF /* Supporting Files */,
			);
			path = SliderbarTests;
			sourceTree = "<group>";
		};
		4C8A4FB9198D8D4800FC02BF /* Supporting Files */ = {
			isa = PBXGroup;
			children = (
				4C8A4FBA198D8D4800FC02BF /* SliderbarTests-Info.plist */,
				4C8A4FBB198D8D4800FC02BF /* InfoPlist.strings */,
			);
			name = "Supporting Files";
			sourceTree = "<group>";
		};
/* End PBXGroup section */

/* Begin PBXNativeTarget section */
		4C8A4F90198D8D4700FC02BF /* Sliderbar */ = {
			isa = PBXNativeTarget;
			buildConfigurationList = 4C8A4FC2198D8D4800FC02BF /* Build configuration list for PBXNativeTarget "Sliderbar" */;
			buildPhases = (
				4C8A4F8D198D8D4700FC02BF /* Sources */,
				4C8A4F8E198D8D4700FC02BF /* Frameworks */,
				4C8A4FD3198DCAB400FC02BF /* CopyFiles */,
				4C8A4F8F198D8D4700FC02BF /* Resources */,
			);
			buildRules = (
			);
			dependencies = (
				4C27D763198DBFF6002923FF /* PBXTargetDependency */,
			);
			name = Sliderbar;
			productName = Sliderbar;
			productReference = 4C8A4F91198D8D4700FC02BF /* Sliderbar.app */;
			productType = "com.apple.product-type.application";
		};
		4C8A4FB1198D8D4800FC02BF /* SliderbarTests */ = {
			isa = PBXNativeTarget;
			buildConfigurationList = 4C8A4FC5198D8D4800FC02BF /* Build configuration list for PBXNativeTarget "SliderbarTests" */;
			buildPhases = (
				4C8A4FAE198D8D4800FC02BF /* Sources */,
				4C8A4FAF198D8D4800FC02BF /* Frameworks */,
				4C8A4FB0198D8D4800FC02BF /* Resources */,
			);
			buildRules = (
			);
			dependencies = (
				4C8A4FB7198D8D4800FC02BF /* PBXTargetDependency */,
			);
			name = SliderbarTests;
			productName = SliderbarTests;
			productReference = 4C8A4FB2198D8D4800FC02BF /* SliderbarTests.xctest */;
			productType = "com.apple.product-type.bundle.unit-test";
		};
/* End PBXNativeTarget section */

/* Begin PBXProject section */
		4C8A4F89198D8D4700FC02BF /* Project object */ = {
			isa = PBXProject;
			attributes = {
				LastUpgradeCheck = 0510;
				ORGANIZATIONNAME = Macromeez;
				TargetAttributes = {
					4C8A4FB1198D8D4800FC02BF = {
						TestTargetID = 4C8A4F90198D8D4700FC02BF;
					};
				};
			};
			buildConfigurationList = 4C8A4F8C198D8D4700FC02BF /* Build configuration list for PBXProject "Sliderbar" */;
			compatibilityVersion = "Xcode 3.2";
			developmentRegion = English;
			hasScannedForEncodings = 0;
			knownRegions = (
				en,
				Base,
			);
			mainGroup = 4C8A4F88198D8D4700FC02BF;
			productRefGroup = 4C8A4F92198D8D4700FC02BF /* Products */;
			projectDirPath = "";
			projectReferences = (
				{
					ProductGroup = 4C27D719198DBFC0002923FF /* Products */;
					ProjectRef = 4C27D718198DBFC0002923FF /* VVOpenSource.xcodeproj */;
				},
			);
			projectRoot = "";
			targets = (
				4C8A4F90198D8D4700FC02BF /* Sliderbar */,
				4C8A4FB1198D8D4800FC02BF /* SliderbarTests */,
			);
		};
/* End PBXProject section */

/* Begin PBXReferenceProxy section */
		4C27D735198DBFC1002923FF /* VVBasics.framework */ = {
			isa = PBXReferenceProxy;
			fileType = wrapper.framework;
			path = VVBasics.framework;
			remoteRef = 4C27D734198DBFC1002923FF /* PBXContainerItemProxy */;
			sourceTree = BUILT_PRODUCTS_DIR;
		};
		4C27D737198DBFC1002923FF /* VVBufferPool.framework */ = {
			isa = PBXReferenceProxy;
			fileType = wrapper.framework;
			path = VVBufferPool.framework;
			remoteRef = 4C27D736198DBFC1002923FF /* PBXContainerItemProxy */;
			sourceTree = BUILT_PRODUCTS_DIR;
		};
		4C27D739198DBFC1002923FF /* DDMathParser.framework */ = {
			isa = PBXReferenceProxy;
			fileType = wrapper.framework;
			path = DDMathParser.framework;
			remoteRef = 4C27D738198DBFC1002923FF /* PBXContainerItemProxy */;
			sourceTree = BUILT_PRODUCTS_DIR;
		};
		4C27D73B198DBFC1002923FF /* JSONKit.framework */ = {
			isa = PBXReferenceProxy;
			fileType = wrapper.framework;
			path = JSONKit.framework;
			remoteRef = 4C27D73A198DBFC1002923FF /* PBXContainerItemProxy */;
			sourceTree = BUILT_PRODUCTS_DIR;
		};
		4C27D73D198DBFC1002923FF /* VVISFKit.framework */ = {
			isa = PBXReferenceProxy;
			fileType = wrapper.framework;
			path = VVISFKit.framework;
			remoteRef = 4C27D73C198DBFC1002923FF /* PBXContainerItemProxy */;
			sourceTree = BUILT_PRODUCTS_DIR;
		};
		4C27D73F198DBFC1002923FF /* VVUIToolbox.framework */ = {
			isa = PBXReferenceProxy;
			fileType = wrapper.framework;
			path = VVUIToolbox.framework;
			remoteRef = 4C27D73E198DBFC1002923FF /* PBXContainerItemProxy */;
			sourceTree = BUILT_PRODUCTS_DIR;
		};
		4C27D741198DBFC1002923FF /* VVMIDI.framework */ = {
			isa = PBXReferenceProxy;
			fileType = wrapper.framework;
			path = VVMIDI.framework;
			remoteRef = 4C27D740198DBFC1002923FF /* PBXContainerItemProxy */;
			sourceTree = BUILT_PRODUCTS_DIR;
		};
		4C27D743198DBFC1002923FF /* VVOSC.framework */ = {
			isa = PBXReferenceProxy;
			fileType = wrapper.framework;
			path = VVOSC.framework;
			remoteRef = 4C27D742198DBFC1002923FF /* PBXContainerItemProxy */;
			sourceTree = BUILT_PRODUCTS_DIR;
		};
		4C27D745198DBFC1002923FF /* CrashReporterTestApp.app */ = {
			isa = PBXReferenceProxy;
			fileType = wrapper.application;
			path = CrashReporterTestApp.app;
			remoteRef = 4C27D744198DBFC1002923FF /* PBXContainerItemProxy */;
			sourceTree = BUILT_PRODUCTS_DIR;
		};
		4C27D747198DBFC1002923FF /* MIDITestApp.app */ = {
			isa = PBXReferenceProxy;
			fileType = wrapper.application;
			path = MIDITestApp.app;
			remoteRef = 4C27D746198DBFC1002923FF /* PBXContainerItemProxy */;
			sourceTree = BUILT_PRODUCTS_DIR;
		};
		4C27D749198DBFC1002923FF /* OSCTestApp.app */ = {
			isa = PBXReferenceProxy;
			fileType = wrapper.application;
			path = OSCTestApp.app;
			remoteRef = 4C27D748198DBFC1002923FF /* PBXContainerItemProxy */;
			sourceTree = BUILT_PRODUCTS_DIR;
		};
		4C27D74B198DBFC1002923FF /* MIDIviaOSC.app */ = {
			isa = PBXReferenceProxy;
			fileType = wrapper.application;
			path = MIDIviaOSC.app;
			remoteRef = 4C27D74A198DBFC1002923FF /* PBXContainerItemProxy */;
			sourceTree = BUILT_PRODUCTS_DIR;
		};
		4C27D74D198DBFC1002923FF /* OSCQueryTest.app */ = {
			isa = PBXReferenceProxy;
			fileType = wrapper.application;
			path = OSCQueryTest.app;
			remoteRef = 4C27D74C198DBFC1002923FF /* PBXContainerItemProxy */;
			sourceTree = BUILT_PRODUCTS_DIR;
		};
		4C27D74F198DBFC1002923FF /* OSCPingTester.app */ = {
			isa = PBXReferenceProxy;
			fileType = wrapper.application;
			path = OSCPingTester.app;
			remoteRef = 4C27D74E198DBFC1002923FF /* PBXContainerItemProxy */;
			sourceTree = BUILT_PRODUCTS_DIR;
		};
		4C27D751198DBFC1002923FF /* libVVBasics.a */ = {
			isa = PBXReferenceProxy;
			fileType = archive.ar;
			path = libVVBasics.a;
			remoteRef = 4C27D750198DBFC1002923FF /* PBXContainerItemProxy */;
			sourceTree = BUILT_PRODUCTS_DIR;
		};
		4C27D753198DBFC1002923FF /* libVVOSC.a */ = {
			isa = PBXReferenceProxy;
			fileType = archive.ar;
			path = libVVOSC.a;
			remoteRef = 4C27D752198DBFC1002923FF /* PBXContainerItemProxy */;
			sourceTree = BUILT_PRODUCTS_DIR;
		};
		4C27D755198DBFC1002923FF /* libVVUIToolbox.a */ = {
			isa = PBXReferenceProxy;
			fileType = archive.ar;
			path = libVVUIToolbox.a;
			remoteRef = 4C27D754198DBFC1002923FF /* PBXContainerItemProxy */;
			sourceTree = BUILT_PRODUCTS_DIR;
		};
		4C27D757198DBFC1002923FF /* GLScene Test App.app */ = {
			isa = PBXReferenceProxy;
			fileType = wrapper.application;
			path = "GLScene Test App.app";
			remoteRef = 4C27D756198DBFC1002923FF /* PBXContainerItemProxy */;
			sourceTree = BUILT_PRODUCTS_DIR;
		};
		4C27D759198DBFC1002923FF /* QCGLScene Test App.app */ = {
			isa = PBXReferenceProxy;
			fileType = wrapper.application;
			path = "QCGLScene Test App.app";
			remoteRef = 4C27D758198DBFC1002923FF /* PBXContainerItemProxy */;
			sourceTree = BUILT_PRODUCTS_DIR;
		};
		4C27D75B198DBFC1002923FF /* CIGLScene Test App.app */ = {
			isa = PBXReferenceProxy;
			fileType = wrapper.application;
			path = "CIGLScene Test App.app";
			remoteRef = 4C27D75A198DBFC1002923FF /* PBXContainerItemProxy */;
			sourceTree = BUILT_PRODUCTS_DIR;
		};
		4C27D75D198DBFC1002923FF /* ISFGLScene Test App.app */ = {
			isa = PBXReferenceProxy;
			fileType = wrapper.application;
			path = "ISFGLScene Test App.app";
			remoteRef = 4C27D75C198DBFC1002923FF /* PBXContainerItemProxy */;
			sourceTree = BUILT_PRODUCTS_DIR;
		};
		4C27D75F198DBFC1002923FF /* QT and Hap Test App.app */ = {
			isa = PBXReferenceProxy;
			fileType = wrapper.application;
			path = "QT and Hap Test App.app";
			remoteRef = 4C27D75E198DBFC1002923FF /* PBXContainerItemProxy */;
			sourceTree = BUILT_PRODUCTS_DIR;
		};
/* End PBXReferenceProxy section */

/* Begin PBXResourcesBuildPhase section */
		4C8A4F8F198D8D4700FC02BF /* Resources */ = {
			isa = PBXResourcesBuildPhase;
			buildActionMask = 2147483647;
			files = (
				4C8A4F9F198D8D4700FC02BF /* InfoPlist.strings in Resources */,
				4C8A4FAD198D8D4800FC02BF /* Images.xcassets in Resources */,
				4C8A4FA5198D8D4800FC02BF /* Credits.rtf in Resources */,
				4C8A4FAB198D8D4800FC02BF /* MainMenu.xib in Resources */,
				4C27D6F9198DB5B9002923FF /* PopupViewController.xib in Resources */,
			);
			runOnlyForDeploymentPostprocessing = 0;
		};
		4C8A4FB0198D8D4800FC02BF /* Resources */ = {
			isa = PBXResourcesBuildPhase;
			buildActionMask = 2147483647;
			files = (
				4C8A4FBD198D8D4800FC02BF /* InfoPlist.strings in Resources */,
			);
			runOnlyForDeploymentPostprocessing = 0;
		};
/* End PBXResourcesBuildPhase section */

/* Begin PBXSourcesBuildPhase section */
		4C8A4F8D198D8D4700FC02BF /* Sources */ = {
			isa = PBXSourcesBuildPhase;
			buildActionMask = 2147483647;
			files = (
				4C8A4FA8198D8D4800FC02BF /* AppDelegate.m in Sources */,
				4C27D6FF198DBBBA002923FF /* MidiController.m in Sources */,
				4C8A4FA1198D8D4700FC02BF /* main.m in Sources */,
				4C27D767198DC53C002923FF /* RightClickButton.m in Sources */,
				4C27D6FC198DBA1C002923FF /* PopupWindow.m in Sources */,
				4C27D6F8198DB5B9002923FF /* PopupViewController.m in Sources */,
			);
			runOnlyForDeploymentPostprocessing = 0;
		};
		4C8A4FAE198D8D4800FC02BF /* Sources */ = {
			isa = PBXSourcesBuildPhase;
			buildActionMask = 2147483647;
			files = (
				4C8A4FBF198D8D4800FC02BF /* SliderbarTests.m in Sources */,
			);
			runOnlyForDeploymentPostprocessing = 0;
		};
/* End PBXSourcesBuildPhase section */

/* Begin PBXTargetDependency section */
		4C27D763198DBFF6002923FF /* PBXTargetDependency */ = {
			isa = PBXTargetDependency;
			name = "Build Mac Frameworks";
			targetProxy = 4C27D762198DBFF6002923FF /* PBXContainerItemProxy */;
		};
		4C8A4FB7198D8D4800FC02BF /* PBXTargetDependency */ = {
			isa = PBXTargetDependency;
			target = 4C8A4F90198D8D4700FC02BF /* Sliderbar */;
			targetProxy = 4C8A4FB6198D8D4800FC02BF /* PBXContainerItemProxy */;
		};
/* End PBXTargetDependency section */

/* Begin PBXVariantGroup section */
		4C8A4F9D198D8D4700FC02BF /* InfoPlist.strings */ = {
			isa = PBXVariantGroup;
			children = (
				4C8A4F9E198D8D4700FC02BF /* en */,
			);
			name = InfoPlist.strings;
			sourceTree = "<group>";
		};
		4C8A4FA3198D8D4800FC02BF /* Credits.rtf */ = {
			isa = PBXVariantGroup;
			children = (
				4C8A4FA4198D8D4800FC02BF /* en */,
			);
			name = Credits.rtf;
			sourceTree = "<group>";
		};
		4C8A4FA9198D8D4800FC02BF /* MainMenu.xib */ = {
			isa = PBXVariantGroup;
			children = (
				4C8A4FAA198D8D4800FC02BF /* Base */,
			);
			name = MainMenu.xib;
			sourceTree = "<group>";
		};
		4C8A4FBB198D8D4800FC02BF /* InfoPlist.strings */ = {
			isa = PBXVariantGroup;
			children = (
				4C8A4FBC198D8D4800FC02BF /* en */,
			);
			name = InfoPlist.strings;
			sourceTree = "<group>";
		};
/* End PBXVariantGroup section */

/* Begin XCBuildConfiguration section */
		4C8A4FC0198D8D4800FC02BF /* Debug */ = {
			isa = XCBuildConfiguration;
			buildSettings = {
				ALWAYS_SEARCH_USER_PATHS = NO;
				CLANG_CXX_LANGUAGE_STANDARD = "gnu++0x";
				CLANG_CXX_LIBRARY = "libc++";
				CLANG_ENABLE_MODULES = YES;
				CLANG_ENABLE_OBJC_ARC = YES;
				CLANG_WARN_BOOL_CONVERSION = YES;
				CLANG_WARN_CONSTANT_CONVERSION = YES;
				CLANG_WARN_DIRECT_OBJC_ISA_USAGE = YES_ERROR;
				CLANG_WARN_EMPTY_BODY = YES;
				CLANG_WARN_ENUM_CONVERSION = YES;
				CLANG_WARN_INT_CONVERSION = YES;
				CLANG_WARN_OBJC_ROOT_CLASS = YES_ERROR;
				CLANG_WARN__DUPLICATE_METHOD_MATCH = YES;
				COPY_PHASE_STRIP = NO;
				GCC_C_LANGUAGE_STANDARD = gnu99;
				GCC_DYNAMIC_NO_PIC = NO;
				GCC_ENABLE_OBJC_EXCEPTIONS = YES;
				GCC_OPTIMIZATION_LEVEL = 0;
				GCC_PREPROCESSOR_DEFINITIONS = (
					"DEBUG=1",
					"$(inherited)",
				);
				GCC_SYMBOLS_PRIVATE_EXTERN = NO;
				GCC_WARN_64_TO_32_BIT_CONVERSION = YES;
				GCC_WARN_ABOUT_RETURN_TYPE = YES_ERROR;
				GCC_WARN_UNDECLARED_SELECTOR = YES;
				GCC_WARN_UNINITIALIZED_AUTOS = YES_AGGRESSIVE;
				GCC_WARN_UNUSED_FUNCTION = YES;
				GCC_WARN_UNUSED_VARIABLE = YES;
				MACOSX_DEPLOYMENT_TARGET = 10.9;
				ONLY_ACTIVE_ARCH = YES;
				SDKROOT = macosx;
			};
			name = Debug;
		};
		4C8A4FC1198D8D4800FC02BF /* Release */ = {
			isa = XCBuildConfiguration;
			buildSettings = {
				ALWAYS_SEARCH_USER_PATHS = NO;
				CLANG_CXX_LANGUAGE_STANDARD = "gnu++0x";
				CLANG_CXX_LIBRARY = "libc++";
				CLANG_ENABLE_MODULES = YES;
				CLANG_ENABLE_OBJC_ARC = YES;
				CLANG_WARN_BOOL_CONVERSION = YES;
				CLANG_WARN_CONSTANT_CONVERSION = YES;
				CLANG_WARN_DIRECT_OBJC_ISA_USAGE = YES_ERROR;
				CLANG_WARN_EMPTY_BODY = YES;
				CLANG_WARN_ENUM_CONVERSION = YES;
				CLANG_WARN_INT_CONVERSION = YES;
				CLANG_WARN_OBJC_ROOT_CLASS = YES_ERROR;
				CLANG_WARN__DUPLICATE_METHOD_MATCH = YES;
				COPY_PHASE_STRIP = YES;
				DEBUG_INFORMATION_FORMAT = "dwarf-with-dsym";
				ENABLE_NS_ASSERTIONS = NO;
				GCC_C_LANGUAGE_STANDARD = gnu99;
				GCC_ENABLE_OBJC_EXCEPTIONS = YES;
				GCC_WARN_64_TO_32_BIT_CONVERSION = YES;
				GCC_WARN_ABOUT_RETURN_TYPE = YES_ERROR;
				GCC_WARN_UNDECLARED_SELECTOR = YES;
				GCC_WARN_UNINITIALIZED_AUTOS = YES_AGGRESSIVE;
				GCC_WARN_UNUSED_FUNCTION = YES;
				GCC_WARN_UNUSED_VARIABLE = YES;
				MACOSX_DEPLOYMENT_TARGET = 10.9;
				SDKROOT = macosx;
			};
			name = Release;
		};
		4C8A4FC3198D8D4800FC02BF /* Debug */ = {
			isa = XCBuildConfiguration;
			buildSettings = {
				ASSETCATALOG_COMPILER_APPICON_NAME = AppIcon;
				COMBINE_HIDPI_IMAGES = YES;
				GCC_PRECOMPILE_PREFIX_HEADER = YES;
				GCC_PREFIX_HEADER = "Sliderbar/Sliderbar-Prefix.pch";
				INFOPLIST_FILE = "Sliderbar/Sliderbar-Info.plist";
				LD_RUNPATH_SEARCH_PATHS = "@loader_path/../Frameworks @executable_path/../Frameworks";
				PRODUCT_NAME = "$(TARGET_NAME)";
				SDKROOT = macosx10.9;
				WRAPPER_EXTENSION = app;
			};
			name = Debug;
		};
		4C8A4FC4198D8D4800FC02BF /* Release */ = {
			isa = XCBuildConfiguration;
			buildSettings = {
				ASSETCATALOG_COMPILER_APPICON_NAME = AppIcon;
				COMBINE_HIDPI_IMAGES = YES;
				GCC_PRECOMPILE_PREFIX_HEADER = YES;
				GCC_PREFIX_HEADER = "Sliderbar/Sliderbar-Prefix.pch";
				INFOPLIST_FILE = "Sliderbar/Sliderbar-Info.plist";
				LD_RUNPATH_SEARCH_PATHS = "@loader_path/../Frameworks @executable_path/../Frameworks";
				PRODUCT_NAME = "$(TARGET_NAME)";
				SDKROOT = macosx10.9;
				WRAPPER_EXTENSION = app;
			};
			name = Release;
		};
		4C8A4FC6198D8D4800FC02BF /* Debug */ = {
			isa = XCBuildConfiguration;
			buildSettings = {
				BUNDLE_LOADER = "$(BUILT_PRODUCTS_DIR)/Sliderbar.app/Contents/MacOS/Sliderbar";
				COMBINE_HIDPI_IMAGES = YES;
				FRAMEWORK_SEARCH_PATHS = (
					"$(DEVELOPER_FRAMEWORKS_DIR)",
					"$(inherited)",
				);
				GCC_PRECOMPILE_PREFIX_HEADER = YES;
				GCC_PREFIX_HEADER = "Sliderbar/Sliderbar-Prefix.pch";
				GCC_PREPROCESSOR_DEFINITIONS = (
					"DEBUG=1",
					"$(inherited)",
				);
				INFOPLIST_FILE = "SliderbarTests/SliderbarTests-Info.plist";
				PRODUCT_NAME = "$(TARGET_NAME)";
				TEST_HOST = "$(BUNDLE_LOADER)";
				WRAPPER_EXTENSION = xctest;
			};
			name = Debug;
		};
		4C8A4FC7198D8D4800FC02BF /* Release */ = {
			isa = XCBuildConfiguration;
			buildSettings = {
				BUNDLE_LOADER = "$(BUILT_PRODUCTS_DIR)/Sliderbar.app/Contents/MacOS/Sliderbar";
				COMBINE_HIDPI_IMAGES = YES;
				FRAMEWORK_SEARCH_PATHS = (
					"$(DEVELOPER_FRAMEWORKS_DIR)",
					"$(inherited)",
				);
				GCC_PRECOMPILE_PREFIX_HEADER = YES;
				GCC_PREFIX_HEADER = "Sliderbar/Sliderbar-Prefix.pch";
				INFOPLIST_FILE = "SliderbarTests/SliderbarTests-Info.plist";
				PRODUCT_NAME = "$(TARGET_NAME)";
				TEST_HOST = "$(BUNDLE_LOADER)";
				WRAPPER_EXTENSION = xctest;
			};
			name = Release;
		};
/* End XCBuildConfiguration section */

/* Begin XCConfigurationList section */
		4C8A4F8C198D8D4700FC02BF /* Build configuration list for PBXProject "Sliderbar" */ = {
			isa = XCConfigurationList;
			buildConfigurations = (
				4C8A4FC0198D8D4800FC02BF /* Debug */,
				4C8A4FC1198D8D4800FC02BF /* Release */,
			);
			defaultConfigurationIsVisible = 0;
			defaultConfigurationName = Release;
		};
		4C8A4FC2198D8D4800FC02BF /* Build configuration list for PBXNativeTarget "Sliderbar" */ = {
			isa = XCConfigurationList;
			buildConfigurations = (
				4C8A4FC3198D8D4800FC02BF /* Debug */,
				4C8A4FC4198D8D4800FC02BF /* Release */,
			);
			defaultConfigurationIsVisible = 0;
			defaultConfigurationName = Release;
		};
		4C8A4FC5198D8D4800FC02BF /* Build configuration list for PBXNativeTarget "SliderbarTests" */ = {
			isa = XCConfigurationList;
			buildConfigurations = (
				4C8A4FC6198D8D4800FC02BF /* Debug */,
				4C8A4FC7198D8D4800FC02BF /* Release */,
			);
			defaultConfigurationIsVisible = 0;
			defaultConfigurationName = Release;
		};
/* End XCConfigurationList section */
	};
	rootObject = 4C8A4F89198D8D4700FC02BF /* Project object */;
}
